// !$*UTF8*$!
{
	archiveVersion = 1;
	classes = {
	};
	objectVersion = 52;
	objects = {

/* Begin PBXBuildFile section */
		131FE02224801703003D27B6 /* AppDelegate.swift in Sources */ = {isa = PBXBuildFile; fileRef = 131FE02124801703003D27B6 /* AppDelegate.swift */; };
		131FE02624801703003D27B6 /* StartViewController.swift in Sources */ = {isa = PBXBuildFile; fileRef = 131FE02524801703003D27B6 /* StartViewController.swift */; };
		131FE02B24801703003D27B6 /* Assets.xcassets in Resources */ = {isa = PBXBuildFile; fileRef = 131FE02A24801703003D27B6 /* Assets.xcassets */; };
		131FE02E24801703003D27B6 /* LaunchScreen.storyboard in Resources */ = {isa = PBXBuildFile; fileRef = 131FE02C24801703003D27B6 /* LaunchScreen.storyboard */; };
		131FE03624801F10003D27B6 /* ToDoListViewController.swift in Sources */ = {isa = PBXBuildFile; fileRef = 131FE03524801F10003D27B6 /* ToDoListViewController.swift */; };
		131FE03A24802402003D27B6 /* MyTableViewCell.swift in Sources */ = {isa = PBXBuildFile; fileRef = 131FE03924802402003D27B6 /* MyTableViewCell.swift */; };
		13259C4C248B854D00D00F71 /* SnapKit in Frameworks */ = {isa = PBXBuildFile; productRef = 13259C4B248B854D00D00F71 /* SnapKit */; };
		132AB26324938A1C00B75219 /* UIColor+Ex.swift in Sources */ = {isa = PBXBuildFile; fileRef = 132AB26224938A1C00B75219 /* UIColor+Ex.swift */; };
		135485C92493AFA000FFECEF /* MainStyleViewController.swift in Sources */ = {isa = PBXBuildFile; fileRef = 135485C82493AFA000FFECEF /* MainStyleViewController.swift */; };
		13654BAD2494CAA100F84146 /* NotificationName+Ex.swift in Sources */ = {isa = PBXBuildFile; fileRef = 13654BAC2494CAA100F84146 /* NotificationName+Ex.swift */; };
		1367C17224803718001C6465 /* GreetingView.swift in Sources */ = {isa = PBXBuildFile; fileRef = 1367C17124803718001C6465 /* GreetingView.swift */; };
		1392B324248D4F9D0081041A /* DateManager.swift in Sources */ = {isa = PBXBuildFile; fileRef = 1392B323248D4F9D0081041A /* DateManager.swift */; };
		13BC2E57248E618C0018E739 /* NoteModel.swift in Sources */ = {isa = PBXBuildFile; fileRef = 13BC2E56248E618C0018E739 /* NoteModel.swift */; };
		13BC2E59248E647F0018E739 /* NotesFileManager.swift in Sources */ = {isa = PBXBuildFile; fileRef = 13BC2E58248E647F0018E739 /* NotesFileManager.swift */; };
		13C882F42482CCFA00B51067 /* DetailViewController.swift in Sources */ = {isa = PBXBuildFile; fileRef = 13C882F32482CCFA00B51067 /* DetailViewController.swift */; };
/* End PBXBuildFile section */

/* Begin PBXFileReference section */
		131FE01E24801703003D27B6 /* TodoList.app */ = {isa = PBXFileReference; explicitFileType = wrapper.application; includeInIndex = 0; path = TodoList.app; sourceTree = BUILT_PRODUCTS_DIR; };
		131FE02124801703003D27B6 /* AppDelegate.swift */ = {isa = PBXFileReference; lastKnownFileType = sourcecode.swift; path = AppDelegate.swift; sourceTree = "<group>"; };
		131FE02524801703003D27B6 /* StartViewController.swift */ = {isa = PBXFileReference; lastKnownFileType = sourcecode.swift; path = StartViewController.swift; sourceTree = "<group>"; };
		131FE02A24801703003D27B6 /* Assets.xcassets */ = {isa = PBXFileReference; lastKnownFileType = folder.assetcatalog; path = Assets.xcassets; sourceTree = "<group>"; };
		131FE02D24801703003D27B6 /* Base */ = {isa = PBXFileReference; lastKnownFileType = file.storyboard; name = Base; path = Base.lproj/LaunchScreen.storyboard; sourceTree = "<group>"; };
		131FE02F24801703003D27B6 /* Info.plist */ = {isa = PBXFileReference; lastKnownFileType = text.plist.xml; path = Info.plist; sourceTree = "<group>"; };
		131FE03524801F10003D27B6 /* ToDoListViewController.swift */ = {isa = PBXFileReference; lastKnownFileType = sourcecode.swift; path = ToDoListViewController.swift; sourceTree = "<group>"; };
		131FE03924802402003D27B6 /* MyTableViewCell.swift */ = {isa = PBXFileReference; lastKnownFileType = sourcecode.swift; path = MyTableViewCell.swift; sourceTree = "<group>"; };
		132AB26224938A1C00B75219 /* UIColor+Ex.swift */ = {isa = PBXFileReference; lastKnownFileType = sourcecode.swift; path = "UIColor+Ex.swift"; sourceTree = "<group>"; };
		135485C82493AFA000FFECEF /* MainStyleViewController.swift */ = {isa = PBXFileReference; lastKnownFileType = sourcecode.swift; path = MainStyleViewController.swift; sourceTree = "<group>"; };
		13654BAC2494CAA100F84146 /* NotificationName+Ex.swift */ = {isa = PBXFileReference; lastKnownFileType = sourcecode.swift; path = "NotificationName+Ex.swift"; sourceTree = "<group>"; };
		1367C17124803718001C6465 /* GreetingView.swift */ = {isa = PBXFileReference; lastKnownFileType = sourcecode.swift; path = GreetingView.swift; sourceTree = "<group>"; };
		1392B323248D4F9D0081041A /* DateManager.swift */ = {isa = PBXFileReference; lastKnownFileType = sourcecode.swift; path = DateManager.swift; sourceTree = "<group>"; };
		13BC2E56248E618C0018E739 /* NoteModel.swift */ = {isa = PBXFileReference; lastKnownFileType = sourcecode.swift; path = NoteModel.swift; sourceTree = "<group>"; };
		13BC2E58248E647F0018E739 /* NotesFileManager.swift */ = {isa = PBXFileReference; lastKnownFileType = sourcecode.swift; path = NotesFileManager.swift; sourceTree = "<group>"; };
		13C882F32482CCFA00B51067 /* DetailViewController.swift */ = {isa = PBXFileReference; lastKnownFileType = sourcecode.swift; path = DetailViewController.swift; sourceTree = "<group>"; };
/* End PBXFileReference section */

/* Begin PBXFrameworksBuildPhase section */
		131FE01B24801703003D27B6 /* Frameworks */ = {
			isa = PBXFrameworksBuildPhase;
			buildActionMask = 2147483647;
			files = (
				13259C4C248B854D00D00F71 /* SnapKit in Frameworks */,
			);
			runOnlyForDeploymentPostprocessing = 0;
		};
/* End PBXFrameworksBuildPhase section */

/* Begin PBXGroup section */
		131FE01524801702003D27B6 = {
			isa = PBXGroup;
			children = (
				131FE02024801703003D27B6 /* TodoList */,
				131FE01F24801703003D27B6 /* Products */,
			);
			sourceTree = "<group>";
		};
		131FE01F24801703003D27B6 /* Products */ = {
			isa = PBXGroup;
			children = (
				131FE01E24801703003D27B6 /* TodoList.app */,
			);
			name = Products;
			sourceTree = "<group>";
		};
		131FE02024801703003D27B6 /* TodoList */ = {
			isa = PBXGroup;
			children = (
				131FE02124801703003D27B6 /* AppDelegate.swift */,
				135485C62493AF7E00FFECEF /* Common */,
				137CAB762493750C008BCB5B /* Features */,
				1392B320248D4CCB0081041A /* Utilities */,
				137CAB82249376A7008BCB5B /* Resources */,
				137CAB83249376C8008BCB5B /* Configurations */,
				132AB261249389F900B75219 /* Extensions */,
				131FE02C24801703003D27B6 /* LaunchScreen.storyboard */,
			);
			path = TodoList;
			sourceTree = "<group>";
		};
		132AB261249389F900B75219 /* Extensions */ = {
			isa = PBXGroup;
			children = (
				132AB26224938A1C00B75219 /* UIColor+Ex.swift */,
				13654BAC2494CAA100F84146 /* NotificationName+Ex.swift */,
			);
			path = Extensions;
			sourceTree = "<group>";
		};
		135485C62493AF7E00FFECEF /* Common */ = {
			isa = PBXGroup;
			children = (
				135485C72493AF8800FFECEF /* ViewControllers */,
			);
			path = Common;
			sourceTree = "<group>";
		};
		135485C72493AF8800FFECEF /* ViewControllers */ = {
			isa = PBXGroup;
			children = (
				135485C82493AFA000FFECEF /* MainStyleViewController.swift */,
			);
			path = ViewControllers;
			sourceTree = "<group>";
		};
		137CAB762493750C008BCB5B /* Features */ = {
			isa = PBXGroup;
			children = (
				137CAB7724937515008BCB5B /* Main */,
				137CAB782493752D008BCB5B /* DotoList */,
				137CAB792493753C008BCB5B /* CreateNewNote */,
			);
			path = Features;
			sourceTree = "<group>";
		};
		137CAB7724937515008BCB5B /* Main */ = {
			isa = PBXGroup;
			children = (
				137CAB7B24937579008BCB5B /* Views */,
				137CAB7A24937565008BCB5B /* ViewControllers */,
			);
			path = Main;
			sourceTree = "<group>";
		};
		137CAB782493752D008BCB5B /* DotoList */ = {
			isa = PBXGroup;
			children = (
				137CAB7C24937597008BCB5B /* ViewControllers */,
				137CAB7D249375AC008BCB5B /* Cells */,
				137CAB7E249375C5008BCB5B /* Models */,
			);
			path = DotoList;
			sourceTree = "<group>";
		};
		137CAB792493753C008BCB5B /* CreateNewNote */ = {
			isa = PBXGroup;
			children = (
				137CAB8124937689008BCB5B /* ViewControllers */,
			);
			path = CreateNewNote;
			sourceTree = "<group>";
		};
		137CAB7A24937565008BCB5B /* ViewControllers */ = {
			isa = PBXGroup;
			children = (
				131FE02524801703003D27B6 /* StartViewController.swift */,
			);
			path = ViewControllers;
			sourceTree = "<group>";
		};
		137CAB7B24937579008BCB5B /* Views */ = {
			isa = PBXGroup;
			children = (
				1367C17124803718001C6465 /* GreetingView.swift */,
			);
			path = Views;
			sourceTree = "<group>";
		};
		137CAB7C24937597008BCB5B /* ViewControllers */ = {
			isa = PBXGroup;
			children = (
				131FE03524801F10003D27B6 /* ToDoListViewController.swift */,
			);
			path = ViewControllers;
			sourceTree = "<group>";
		};
		137CAB7D249375AC008BCB5B /* Cells */ = {
			isa = PBXGroup;
			children = (
				131FE03924802402003D27B6 /* MyTableViewCell.swift */,
			);
			path = Cells;
			sourceTree = "<group>";
		};
		137CAB7E249375C5008BCB5B /* Models */ = {
			isa = PBXGroup;
			children = (
				137CAB802493765D008BCB5B /* NoteModel */,
			);
			path = Models;
			sourceTree = "<group>";
		};
		137CAB802493765D008BCB5B /* NoteModel */ = {
			isa = PBXGroup;
			children = (
				13BC2E56248E618C0018E739 /* NoteModel.swift */,
				13BC2E58248E647F0018E739 /* NotesFileManager.swift */,
			);
			path = NoteModel;
			sourceTree = "<group>";
		};
		137CAB8124937689008BCB5B /* ViewControllers */ = {
			isa = PBXGroup;
			children = (
				13C882F32482CCFA00B51067 /* DetailViewController.swift */,
			);
			path = ViewControllers;
			sourceTree = "<group>";
		};
		137CAB82249376A7008BCB5B /* Resources */ = {
			isa = PBXGroup;
			children = (
				131FE02A24801703003D27B6 /* Assets.xcassets */,
			);
			path = Resources;
			sourceTree = "<group>";
		};
		137CAB83249376C8008BCB5B /* Configurations */ = {
			isa = PBXGroup;
			children = (
				131FE02F24801703003D27B6 /* Info.plist */,
			);
			path = Configurations;
			sourceTree = "<group>";
		};
		1392B320248D4CCB0081041A /* Utilities */ = {
			isa = PBXGroup;
			children = (
				1392B323248D4F9D0081041A /* DateManager.swift */,
			);
			path = Utilities;
			sourceTree = "<group>";
		};
/* End PBXGroup section */

/* Begin PBXNativeTarget section */
		131FE01D24801703003D27B6 /* TodoList */ = {
			isa = PBXNativeTarget;
			buildConfigurationList = 131FE03224801703003D27B6 /* Build configuration list for PBXNativeTarget "TodoList" */;
			buildPhases = (
				131FE01A24801703003D27B6 /* Sources */,
				131FE01B24801703003D27B6 /* Frameworks */,
				131FE01C24801703003D27B6 /* Resources */,
			);
			buildRules = (
			);
			dependencies = (
			);
			name = TodoList;
			packageProductDependencies = (
				13259C4B248B854D00D00F71 /* SnapKit */,
			);
			productName = TodoList;
			productReference = 131FE01E24801703003D27B6 /* TodoList.app */;
			productType = "com.apple.product-type.application";
		};
/* End PBXNativeTarget section */

/* Begin PBXProject section */
		131FE01624801702003D27B6 /* Project object */ = {
			isa = PBXProject;
			attributes = {
				LastSwiftUpdateCheck = 1140;
				LastUpgradeCheck = 1140;
				ORGANIZATIONNAME = "Вячеслав";
				TargetAttributes = {
					131FE01D24801703003D27B6 = {
						CreatedOnToolsVersion = 11.4.1;
					};
				};
			};
			buildConfigurationList = 131FE01924801702003D27B6 /* Build configuration list for PBXProject "TodoList" */;
			compatibilityVersion = "Xcode 9.3";
			developmentRegion = en;
			hasScannedForEncodings = 0;
			knownRegions = (
				en,
				Base,
			);
			mainGroup = 131FE01524801702003D27B6;
			packageReferences = (
				13259C4A248B854D00D00F71 /* XCRemoteSwiftPackageReference "SnapKit" */,
			);
			productRefGroup = 131FE01F24801703003D27B6 /* Products */;
			projectDirPath = "";
			projectRoot = "";
			targets = (
				131FE01D24801703003D27B6 /* TodoList */,
			);
		};
/* End PBXProject section */

/* Begin PBXResourcesBuildPhase section */
		131FE01C24801703003D27B6 /* Resources */ = {
			isa = PBXResourcesBuildPhase;
			buildActionMask = 2147483647;
			files = (
				131FE02E24801703003D27B6 /* LaunchScreen.storyboard in Resources */,
				131FE02B24801703003D27B6 /* Assets.xcassets in Resources */,
			);
			runOnlyForDeploymentPostprocessing = 0;
		};
/* End PBXResourcesBuildPhase section */

/* Begin PBXSourcesBuildPhase section */
		131FE01A24801703003D27B6 /* Sources */ = {
			isa = PBXSourcesBuildPhase;
			buildActionMask = 2147483647;
			files = (
				131FE03624801F10003D27B6 /* ToDoListViewController.swift in Sources */,
				1392B324248D4F9D0081041A /* DateManager.swift in Sources */,
				132AB26324938A1C00B75219 /* UIColor+Ex.swift in Sources */,
				1367C17224803718001C6465 /* GreetingView.swift in Sources */,
				13654BAD2494CAA100F84146 /* NotificationName+Ex.swift in Sources */,
				131FE02624801703003D27B6 /* StartViewController.swift in Sources */,
				13BC2E57248E618C0018E739 /* NoteModel.swift in Sources */,
				131FE02224801703003D27B6 /* AppDelegate.swift in Sources */,
				131FE03A24802402003D27B6 /* MyTableViewCell.swift in Sources */,
				13BC2E59248E647F0018E739 /* NotesFileManager.swift in Sources */,
				135485C92493AFA000FFECEF /* MainStyleViewController.swift in Sources */,
				13C882F42482CCFA00B51067 /* DetailViewController.swift in Sources */,
			);
			runOnlyForDeploymentPostprocessing = 0;
		};
/* End PBXSourcesBuildPhase section */

/* Begin PBXVariantGroup section */
		131FE02C24801703003D27B6 /* LaunchScreen.storyboard */ = {
			isa = PBXVariantGroup;
			children = (
				131FE02D24801703003D27B6 /* Base */,
			);
			name = LaunchScreen.storyboard;
			sourceTree = "<group>";
		};
/* End PBXVariantGroup section */

/* Begin XCBuildConfiguration section */
		131FE03024801703003D27B6 /* Debug */ = {
			isa = XCBuildConfiguration;
			buildSettings = {
				ALWAYS_SEARCH_USER_PATHS = NO;
				CLANG_ANALYZER_NONNULL = YES;
				CLANG_ANALYZER_NUMBER_OBJECT_CONVERSION = YES_AGGRESSIVE;
				CLANG_CXX_LANGUAGE_STANDARD = "gnu++14";
				CLANG_CXX_LIBRARY = "libc++";
				CLANG_ENABLE_MODULES = YES;
				CLANG_ENABLE_OBJC_ARC = YES;
				CLANG_ENABLE_OBJC_WEAK = YES;
				CLANG_WARN_BLOCK_CAPTURE_AUTORELEASING = YES;
				CLANG_WARN_BOOL_CONVERSION = YES;
				CLANG_WARN_COMMA = YES;
				CLANG_WARN_CONSTANT_CONVERSION = YES;
				CLANG_WARN_DEPRECATED_OBJC_IMPLEMENTATIONS = YES;
				CLANG_WARN_DIRECT_OBJC_ISA_USAGE = YES_ERROR;
				CLANG_WARN_DOCUMENTATION_COMMENTS = YES;
				CLANG_WARN_EMPTY_BODY = YES;
				CLANG_WARN_ENUM_CONVERSION = YES;
				CLANG_WARN_INFINITE_RECURSION = YES;
				CLANG_WARN_INT_CONVERSION = YES;
				CLANG_WARN_NON_LITERAL_NULL_CONVERSION = YES;
				CLANG_WARN_OBJC_IMPLICIT_RETAIN_SELF = YES;
				CLANG_WARN_OBJC_LITERAL_CONVERSION = YES;
				CLANG_WARN_OBJC_ROOT_CLASS = YES_ERROR;
				CLANG_WARN_RANGE_LOOP_ANALYSIS = YES;
				CLANG_WARN_STRICT_PROTOTYPES = YES;
				CLANG_WARN_SUSPICIOUS_MOVE = YES;
				CLANG_WARN_UNGUARDED_AVAILABILITY = YES_AGGRESSIVE;
				CLANG_WARN_UNREACHABLE_CODE = YES;
				CLANG_WARN__DUPLICATE_METHOD_MATCH = YES;
				COPY_PHASE_STRIP = NO;
				DEBUG_INFORMATION_FORMAT = dwarf;
				ENABLE_STRICT_OBJC_MSGSEND = YES;
				ENABLE_TESTABILITY = YES;
				GCC_C_LANGUAGE_STANDARD = gnu11;
				GCC_DYNAMIC_NO_PIC = NO;
				GCC_NO_COMMON_BLOCKS = YES;
				GCC_OPTIMIZATION_LEVEL = 0;
				GCC_PREPROCESSOR_DEFINITIONS = (
					"DEBUG=1",
					"$(inherited)",
				);
				GCC_WARN_64_TO_32_BIT_CONVERSION = YES;
				GCC_WARN_ABOUT_RETURN_TYPE = YES_ERROR;
				GCC_WARN_UNDECLARED_SELECTOR = YES;
				GCC_WARN_UNINITIALIZED_AUTOS = YES_AGGRESSIVE;
				GCC_WARN_UNUSED_FUNCTION = YES;
				GCC_WARN_UNUSED_VARIABLE = YES;
				IPHONEOS_DEPLOYMENT_TARGET = 13.4;
				MTL_ENABLE_DEBUG_INFO = INCLUDE_SOURCE;
				MTL_FAST_MATH = YES;
				ONLY_ACTIVE_ARCH = YES;
				SDKROOT = iphoneos;
				SWIFT_ACTIVE_COMPILATION_CONDITIONS = DEBUG;
				SWIFT_OPTIMIZATION_LEVEL = "-Onone";
			};
			name = Debug;
		};
		131FE03124801703003D27B6 /* Release */ = {
			isa = XCBuildConfiguration;
			buildSettings = {
				ALWAYS_SEARCH_USER_PATHS = NO;
				CLANG_ANALYZER_NONNULL = YES;
				CLANG_ANALYZER_NUMBER_OBJECT_CONVERSION = YES_AGGRESSIVE;
				CLANG_CXX_LANGUAGE_STANDARD = "gnu++14";
				CLANG_CXX_LIBRARY = "libc++";
				CLANG_ENABLE_MODULES = YES;
				CLANG_ENABLE_OBJC_ARC = YES;
				CLANG_ENABLE_OBJC_WEAK = YES;
				CLANG_WARN_BLOCK_CAPTURE_AUTORELEASING = YES;
				CLANG_WARN_BOOL_CONVERSION = YES;
				CLANG_WARN_COMMA = YES;
				CLANG_WARN_CONSTANT_CONVERSION = YES;
				CLANG_WARN_DEPRECATED_OBJC_IMPLEMENTATIONS = YES;
				CLANG_WARN_DIRECT_OBJC_ISA_USAGE = YES_ERROR;
				CLANG_WARN_DOCUMENTATION_COMMENTS = YES;
				CLANG_WARN_EMPTY_BODY = YES;
				CLANG_WARN_ENUM_CONVERSION = YES;
				CLANG_WARN_INFINITE_RECURSION = YES;
				CLANG_WARN_INT_CONVERSION = YES;
				CLANG_WARN_NON_LITERAL_NULL_CONVERSION = YES;
				CLANG_WARN_OBJC_IMPLICIT_RETAIN_SELF = YES;
				CLANG_WARN_OBJC_LITERAL_CONVERSION = YES;
				CLANG_WARN_OBJC_ROOT_CLASS = YES_ERROR;
				CLANG_WARN_RANGE_LOOP_ANALYSIS = YES;
				CLANG_WARN_STRICT_PROTOTYPES = YES;
				CLANG_WARN_SUSPICIOUS_MOVE = YES;
				CLANG_WARN_UNGUARDED_AVAILABILITY = YES_AGGRESSIVE;
				CLANG_WARN_UNREACHABLE_CODE = YES;
				CLANG_WARN__DUPLICATE_METHOD_MATCH = YES;
				COPY_PHASE_STRIP = NO;
				DEBUG_INFORMATION_FORMAT = "dwarf-with-dsym";
				ENABLE_NS_ASSERTIONS = NO;
				ENABLE_STRICT_OBJC_MSGSEND = YES;
				GCC_C_LANGUAGE_STANDARD = gnu11;
				GCC_NO_COMMON_BLOCKS = YES;
				GCC_WARN_64_TO_32_BIT_CONVERSION = YES;
				GCC_WARN_ABOUT_RETURN_TYPE = YES_ERROR;
				GCC_WARN_UNDECLARED_SELECTOR = YES;
				GCC_WARN_UNINITIALIZED_AUTOS = YES_AGGRESSIVE;
				GCC_WARN_UNUSED_FUNCTION = YES;
				GCC_WARN_UNUSED_VARIABLE = YES;
				IPHONEOS_DEPLOYMENT_TARGET = 13.4;
				MTL_ENABLE_DEBUG_INFO = NO;
				MTL_FAST_MATH = YES;
				SDKROOT = iphoneos;
				SWIFT_COMPILATION_MODE = wholemodule;
				SWIFT_OPTIMIZATION_LEVEL = "-O";
				VALIDATE_PRODUCT = YES;
			};
			name = Release;
		};
		131FE03324801703003D27B6 /* Debug */ = {
			isa = XCBuildConfiguration;
			buildSettings = {
				ASSETCATALOG_COMPILER_APPICON_NAME = AppIcon;
				CODE_SIGN_STYLE = Automatic;
				DEVELOPMENT_TEAM = J7WFZB9557;
				INFOPLIST_FILE = TodoList/Configurations/Info.plist;
				LD_RUNPATH_SEARCH_PATHS = (
					"$(inherited)",
					"@executable_path/Frameworks",
				);
				PRODUCT_BUNDLE_IDENTIFIER = sl.slavik.TodoList;
				PRODUCT_NAME = "$(TARGET_NAME)";
				SWIFT_VERSION = 5.0;
				TARGETED_DEVICE_FAMILY = 1;
			};
			name = Debug;
		};
		131FE03424801703003D27B6 /* Release */ = {
			isa = XCBuildConfiguration;
			buildSettings = {
				ASSETCATALOG_COMPILER_APPICON_NAME = AppIcon;
				CODE_SIGN_STYLE = Automatic;
				DEVELOPMENT_TEAM = J7WFZB9557;
				INFOPLIST_FILE = TodoList/Configurations/Info.plist;
				LD_RUNPATH_SEARCH_PATHS = (
					"$(inherited)",
					"@executable_path/Frameworks",
				);
				PRODUCT_BUNDLE_IDENTIFIER = sl.slavik.TodoList;
				PRODUCT_NAME = "$(TARGET_NAME)";
				SWIFT_VERSION = 5.0;
				TARGETED_DEVICE_FAMILY = 1;
			};
			name = Release;
		};
/* End XCBuildConfiguration section */

/* Begin XCConfigurationList section */
		131FE01924801702003D27B6 /* Build configuration list for PBXProject "TodoList" */ = {
			isa = XCConfigurationList;
			buildConfigurations = (
				131FE03024801703003D27B6 /* Debug */,
				131FE03124801703003D27B6 /* Release */,
			);
			defaultConfigurationIsVisible = 0;
			defaultConfigurationName = Release;
		};
		131FE03224801703003D27B6 /* Build configuration list for PBXNativeTarget "TodoList" */ = {
			isa = XCConfigurationList;
			buildConfigurations = (
				131FE03324801703003D27B6 /* Debug */,
				131FE03424801703003D27B6 /* Release */,
			);
			defaultConfigurationIsVisible = 0;
			defaultConfigurationName = Release;
		};
/* End XCConfigurationList section */

/* Begin XCRemoteSwiftPackageReference section */
		13259C4A248B854D00D00F71 /* XCRemoteSwiftPackageReference "SnapKit" */ = {
			isa = XCRemoteSwiftPackageReference;
			repositoryURL = "https://github.com/SnapKit/SnapKit";
			requirement = {
				kind = upToNextMajorVersion;
				minimumVersion = 5.0.1;
			};
		};
/* End XCRemoteSwiftPackageReference section */

/* Begin XCSwiftPackageProductDependency section */
		13259C4B248B854D00D00F71 /* SnapKit */ = {
			isa = XCSwiftPackageProductDependency;
			package = 13259C4A248B854D00D00F71 /* XCRemoteSwiftPackageReference "SnapKit" */;
			productName = SnapKit;
		};
/* End XCSwiftPackageProductDependency section */
	};
	rootObject = 131FE01624801702003D27B6 /* Project object */;
}
